
Microsoft Visual Studio Solution File, Format Version 12.00
# Visual Studio Version 16
VisualStudioVersion = 16.0.31205.134
MinimumVisualStudioVersion = 10.0.40219.1
Project("{2150E333-8FDC-42A3-9474-1A3956D46DE8}") = "1.UserInterface", "1.UserInterface", "{C94E94EB-5DA7-4C7F-A2EE-DF38DFBC15A4}"
EndProject
Project("{FAE04EC0-301F-11D3-BF4B-00C04F79EFBC}") = "Test", "UserInterface\Test\Test.csproj", "{45DDF61D-8E95-400F-A478-1359CA721EDA}"
EndProject
Global
	GlobalSection(SolutionConfigurationPlatforms) = preSolution
		Debug|Any CPU = Debug|Any CPU
		Release|Any CPU = Release|Any CPU
	EndGlobalSection
	GlobalSection(ProjectConfigurationPlatforms) = postSolution
		{45DDF61D-8E95-400F-A478-1359CA721EDA}.Debug|Any CPU.ActiveCfg = Debug|Any CPU
		{45DDF61D-8E95-400F-A478-1359CA721EDA}.Debug|Any CPU.Build.0 = Debug|Any CPU
		{45DDF61D-8E95-400F-A478-1359CA721EDA}.Release|Any CPU.ActiveCfg = Release|Any CPU
		{45DDF61D-8E95-400F-A478-1359CA721EDA}.Release|Any CPU.Build.0 = Release|Any CPU
	EndGlobalSection
	GlobalSection(SolutionProperties) = preSolution
		HideSolutionNode = FALSE
	EndGlobalSection
	GlobalSection(NestedProjects) = preSolution
		{45DDF61D-8E95-400F-A478-1359CA721EDA} = {C94E94EB-5DA7-4C7F-A2EE-DF38DFBC15A4}
	EndGlobalSection
	GlobalSection(ExtensibilityGlobals) = postSolution
		SolutionGuid = {9D614ACC-9E25-49B7-8697-37FE2B72E656}
	EndGlobalSection
EndGlobal
